
Microsoft Visual Studio Solution File, Format Version 12.00
Project("{FAE04EC0-301F-11D3-BF4B-00C04F79EFBC}") = "RunPrograms", "RunPrograms\RunPrograms.csproj", "{280988A4-8988-4526-B20C-5DA491CBBCBF}"
EndProject
Global
	GlobalSection(SolutionConfigurationPlatforms) = preSolution
		Debug|Any CPU = Debug|Any CPU
		Release|Any CPU = Release|Any CPU
	EndGlobalSection
	GlobalSection(ProjectConfigurationPlatforms) = postSolution
		{280988A4-8988-4526-B20C-5DA491CBBCBF}.Debug|Any CPU.ActiveCfg = Debug|Any CPU
		{280988A4-8988-4526-B20C-5DA491CBBCBF}.Debug|Any CPU.Build.0 = Debug|Any CPU
		{280988A4-8988-4526-B20C-5DA491CBBCBF}.Release|Any CPU.ActiveCfg = Release|Any CPU
		{280988A4-8988-4526-B20C-5DA491CBBCBF}.Release|Any CPU.Build.0 = Release|Any CPU
	EndGlobalSection
EndGlobal
